
Microsoft Visual Studio Solution File, Format Version 12.00
# Visual Studio Version 17
VisualStudioVersion = 17.3.32901.215
MinimumVisualStudioVersion = 10.0.40219.1
Project("{FAE04EC0-301F-11D3-BF4B-00C04F79EFBC}") = "Course", "Course\Course.csproj", "{BA7AC69B-A6FB-4A0F-8764-DA2481358A26}"
EndProject
Global
	GlobalSection(SolutionConfigurationPlatforms) = preSolution
		Debug|Any CPU = Debug|Any CPU
		Release|Any CPU = Release|Any CPU
	EndGlobalSection
	GlobalSection(ProjectConfigurationPlatforms) = postSolution
		{BA7AC69B-A6FB-4A0F-8764-DA2481358A26}.Debug|Any CPU.ActiveCfg = Debug|Any CPU
		{BA7AC69B-A6FB-4A0F-8764-DA2481358A26}.Debug|Any CPU.Build.0 = Debug|Any CPU
		{BA7AC69B-A6FB-4A0F-8764-DA2481358A26}.Release|Any CPU.ActiveCfg = Release|Any CPU
		{BA7AC69B-A6FB-4A0F-8764-DA2481358A26}.Release|Any CPU.Build.0 = Release|Any CPU
	EndGlobalSection
	GlobalSection(SolutionProperties) = preSolution
		HideSolutionNode = FALSE
	EndGlobalSection
	GlobalSection(ExtensibilityGlobals) = postSolution
		SolutionGuid = {03E94CFB-6E07-4739-8DD8-E6771F716B54}
	EndGlobalSection
EndGlobal
